
Microsoft Visual Studio Solution File, Format Version 12.00
# Visual Studio Version 17
VisualStudioVersion = 17.11.35222.181
MinimumVisualStudioVersion = 10.0.40219.1
Project("{8BC9CEB8-8B4A-11D0-8D11-00A0C91BC942}") = "Laboratorio 1-0-7", "Laboratorio POO c++\Laboratorio POO c++.vcxproj", "{30132F83-D7F4-45ED-97B7-0DA5765E9861}"
EndProject
Project("{8BC9CEB8-8B4A-11D0-8D11-00A0C91BC942}") = "Laboratorio 1-0-8", "Laboratorio 1-0-7\Laboratorio 1-0-7.vcxproj", "{ADB271DD-1FED-48F6-B754-D83B21A5C582}"
EndProject
Project("{8BC9CEB8-8B4A-11D0-8D11-00A0C91BC942}") = "Laboratorio 1-0-9", "Laboratorio 1-0-9\Laboratorio 1-0-9.vcxproj", "{81A7624E-AF72-4B11-B7C3-25DC8653D2D9}"
EndProject
Project("{8BC9CEB8-8B4A-11D0-8D11-00A0C91BC942}") = "Laboratorio 1-0-10", "Laboratorio 1-0-10\Laboratorio 1-0-10.vcxproj", "{4BD4227A-8EFB-44EA-A6FA-7543444CF45F}"
EndProject
Project("{8BC9CEB8-8B4A-11D0-8D11-00A0C91BC942}") = "Laboratorio 1-1-12", "Laboratorio 1-1-12\Laboratorio 1-1-12.vcxproj", "{DF71C512-0151-4ECF-BB1B-409333E85F58}"
EndProject
Project("{8BC9CEB8-8B4A-11D0-8D11-00A0C91BC942}") = "Laboratorio 1-1-13", "Laboratorio 1-1-13\Laboratorio 1-1-13.vcxproj", "{33BF33E4-AA31-458D-A5AE-249D577A32F7}"
EndProject
Project("{8BC9CEB8-8B4A-11D0-8D11-00A0C91BC942}") = "Laboratorio 1-1-14", "Laboratorio 1-1-14\Laboratorio 1-1-14.vcxproj", "{3C89E42D-7637-4C59-B2F9-6C54CD36A231}"
EndProject
Project("{8BC9CEB8-8B4A-11D0-8D11-00A0C91BC942}") = "Laboratorio 1-2-15", "Laboratorio 1-2-15\Laboratorio 1-2-15.vcxproj", "{D6D92627-0BFF-4172-8B3B-0EDF73CA1A83}"
EndProject
Project("{8BC9CEB8-8B4A-11D0-8D11-00A0C91BC942}") = "Laboratorio 1-2-16", "Labortatorio 1-2-16\Labortatorio 1-2-16.vcxproj", "{C58B0D75-C42C-4216-B589-7C29F0308645}"
EndProject
Project("{8BC9CEB8-8B4A-11D0-8D11-00A0C91BC942}") = "Laboratorio 1-2-17", "Laboratorio 1-2-17\Laboratorio 1-2-17.vcxproj", "{D016E615-B207-429C-B849-3EAC808BD181}"
EndProject
Project("{8BC9CEB8-8B4A-11D0-8D11-00A0C91BC942}") = "Laboratorio 1-2-18", "Laboratorio 1-2-18\Laboratorio 1-2-18.vcxproj", "{093321BE-966C-4CFE-8398-494FD9A6A06B}"
EndProject
Project("{8BC9CEB8-8B4A-11D0-8D11-00A0C91BC942}") = "Laboratorio 1-2-19", "Laboratorio 1-2-19\Laboratorio 1-2-19.vcxproj", "{0621095F-0A2E-4698-B6A6-87F187545A7A}"
EndProject
Project("{8BC9CEB8-8B4A-11D0-8D11-00A0C91BC942}") = "Laboratorio 1-2-20", "Laboratorio 1-2-20\Laboratorio 1-2-20.vcxproj", "{12A0D7B2-1929-4122-97C8-5A32B85B08E3}"
EndProject
Project("{8BC9CEB8-8B4A-11D0-8D11-00A0C91BC942}") = "Laboratorio 1-2-21", "Laboratorio 1-2-21\Laboratorio 1-2-21.vcxproj", "{F493DFEE-013F-400C-8E3F-114C6C7A5856}"
EndProject
Project("{8BC9CEB8-8B4A-11D0-8D11-00A0C91BC942}") = "Laboratorio 1-2-22", "Laboratorio 1-2-22\Laboratorio 1-2-22.vcxproj", "{42DCAFC0-31F2-4D25-BBF0-3FF26FBCBAA9}"
EndProject
Project("{8BC9CEB8-8B4A-11D0-8D11-00A0C91BC942}") = "Laboratorio 1-2-23", "Laboratorio 1-2-23\Laboratorio 1-2-23.vcxproj", "{52FDEC39-188B-4564-9040-1301B3D1B372}"
EndProject
Project("{8BC9CEB8-8B4A-11D0-8D11-00A0C91BC942}") = "Laboratorio 1-2-24", "Laboratorio 1-2-24\Laboratorio 1-2-24.vcxproj", "{01EF7B1E-F4CD-4369-9F8C-FB23E493639E}"
EndProject
Project("{8BC9CEB8-8B4A-11D0-8D11-00A0C91BC942}") = "Laboratorio 1-2-25", "Laboratorio 1-2-25\Laboratorio 1-2-25.vcxproj", "{3BDA46D0-BFEE-4E40-B993-A2739D458FF2}"
EndProject
Project("{8BC9CEB8-8B4A-11D0-8D11-00A0C91BC942}") = "Laboratorio 1-2-26", "Laboratorio 1-2-26\Laboratorio 1-2-26.vcxproj", "{023B2827-C02F-4F03-9287-756C35B59C57}"
EndProject
Project("{8BC9CEB8-8B4A-11D0-8D11-00A0C91BC942}") = "Laboratorio 1-2-27", "Laboratorio 1-2-27\Laboratorio 1-2-27.vcxproj", "{533CF359-7646-480E-B320-73FF5A5C7F61}"
EndProject
Project("{8BC9CEB8-8B4A-11D0-8D11-00A0C91BC942}") = "Laboratorio 1-2-28", "Laboratorio 1-2-28\Laboratorio 1-2-28.vcxproj", "{2C17DC11-4F63-489D-A2BC-09D25F474CEE}"
EndProject
Project("{8BC9CEB8-8B4A-11D0-8D11-00A0C91BC942}") = "Laboratorio 1-2-29", "Laboratorio 1-2-29\Laboratorio 1-2-29.vcxproj", "{AD14D5C8-9CDB-4A96-A86C-47229EBA50F7}"
EndProject
Project("{8BC9CEB8-8B4A-11D0-8D11-00A0C91BC942}") = "Laboratorio 1-2-30", "Laboratorio 1-2-30\Laboratorio 1-2-30.vcxproj", "{C7F8DE5C-2E29-4F33-A42B-0FCE1CF4C3F7}"
EndProject
Project("{8BC9CEB8-8B4A-11D0-8D11-00A0C91BC942}") = "Laboratorio 1-2-31", "Laboratorio 1-2-31\Laboratorio 1-2-31.vcxproj", "{EE7C5948-AF6C-4528-930D-5BE46706F193}"
EndProject
Global
	GlobalSection(SolutionConfigurationPlatforms) = preSolution
		Debug|x64 = Debug|x64
		Debug|x86 = Debug|x86
		Release|x64 = Release|x64
		Release|x86 = Release|x86
	EndGlobalSection
	GlobalSection(ProjectConfigurationPlatforms) = postSolution
		{30132F83-D7F4-45ED-97B7-0DA5765E9861}.Debug|x64.ActiveCfg = Debug|x64
		{30132F83-D7F4-45ED-97B7-0DA5765E9861}.Debug|x64.Build.0 = Debug|x64
		{30132F83-D7F4-45ED-97B7-0DA5765E9861}.Debug|x86.ActiveCfg = Debug|Win32
		{30132F83-D7F4-45ED-97B7-0DA5765E9861}.Debug|x86.Build.0 = Debug|Win32
		{30132F83-D7F4-45ED-97B7-0DA5765E9861}.Release|x64.ActiveCfg = Release|x64
		{30132F83-D7F4-45ED-97B7-0DA5765E9861}.Release|x64.Build.0 = Release|x64
		{30132F83-D7F4-45ED-97B7-0DA5765E9861}.Release|x86.ActiveCfg = Release|Win32
		{30132F83-D7F4-45ED-97B7-0DA5765E9861}.Release|x86.Build.0 = Release|Win32
		{ADB271DD-1FED-48F6-B754-D83B21A5C582}.Debug|x64.ActiveCfg = Debug|x64
		{ADB271DD-1FED-48F6-B754-D83B21A5C582}.Debug|x64.Build.0 = Debug|x64
		{ADB271DD-1FED-48F6-B754-D83B21A5C582}.Debug|x86.ActiveCfg = Debug|Win32
		{ADB271DD-1FED-48F6-B754-D83B21A5C582}.Debug|x86.Build.0 = Debug|Win32
		{ADB271DD-1FED-48F6-B754-D83B21A5C582}.Release|x64.ActiveCfg = Release|x64
		{ADB271DD-1FED-48F6-B754-D83B21A5C582}.Release|x64.Build.0 = Release|x64
		{ADB271DD-1FED-48F6-B754-D83B21A5C582}.Release|x86.ActiveCfg = Release|Win32
		{ADB271DD-1FED-48F6-B754-D83B21A5C582}.Release|x86.Build.0 = Release|Win32
		{81A7624E-AF72-4B11-B7C3-25DC8653D2D9}.Debug|x64.ActiveCfg = Debug|x64
		{81A7624E-AF72-4B11-B7C3-25DC8653D2D9}.Debug|x64.Build.0 = Debug|x64
		{81A7624E-AF72-4B11-B7C3-25DC8653D2D9}.Debug|x86.ActiveCfg = Debug|Win32
		{81A7624E-AF72-4B11-B7C3-25DC8653D2D9}.Debug|x86.Build.0 = Debug|Win32
		{81A7624E-AF72-4B11-B7C3-25DC8653D2D9}.Release|x64.ActiveCfg = Release|x64
		{81A7624E-AF72-4B11-B7C3-25DC8653D2D9}.Release|x64.Build.0 = Release|x64
		{81A7624E-AF72-4B11-B7C3-25DC8653D2D9}.Release|x86.ActiveCfg = Release|Win32
		{81A7624E-AF72-4B11-B7C3-25DC8653D2D9}.Release|x86.Build.0 = Release|Win32
		{4BD4227A-8EFB-44EA-A6FA-7543444CF45F}.Debug|x64.ActiveCfg = Debug|x64
		{4BD4227A-8EFB-44EA-A6FA-7543444CF45F}.Debug|x64.Build.0 = Debug|x64
		{4BD4227A-8EFB-44EA-A6FA-7543444CF45F}.Debug|x86.ActiveCfg = Debug|Win32
		{4BD4227A-8EFB-44EA-A6FA-7543444CF45F}.Debug|x86.Build.0 = Debug|Win32
		{4BD4227A-8EFB-44EA-A6FA-7543444CF45F}.Release|x64.ActiveCfg = Release|x64
		{4BD4227A-8EFB-44EA-A6FA-7543444CF45F}.Release|x64.Build.0 = Release|x64
		{4BD4227A-8EFB-44EA-A6FA-7543444CF45F}.Release|x86.ActiveCfg = Release|Win32
		{4BD4227A-8EFB-44EA-A6FA-7543444CF45F}.Release|x86.Build.0 = Release|Win32
		{DF71C512-0151-4ECF-BB1B-409333E85F58}.Debug|x64.ActiveCfg = Debug|x64
		{DF71C512-0151-4ECF-BB1B-409333E85F58}.Debug|x64.Build.0 = Debug|x64
		{DF71C512-0151-4ECF-BB1B-409333E85F58}.Debug|x86.ActiveCfg = Debug|Win32
		{DF71C512-0151-4ECF-BB1B-409333E85F58}.Debug|x86.Build.0 = Debug|Win32
		{DF71C512-0151-4ECF-BB1B-409333E85F58}.Release|x64.ActiveCfg = Release|x64
		{DF71C512-0151-4ECF-BB1B-409333E85F58}.Release|x64.Build.0 = Release|x64
		{DF71C512-0151-4ECF-BB1B-409333E85F58}.Release|x86.ActiveCfg = Release|Win32
		{DF71C512-0151-4ECF-BB1B-409333E85F58}.Release|x86.Build.0 = Release|Win32
		{33BF33E4-AA31-458D-A5AE-249D577A32F7}.Debug|x64.ActiveCfg = Debug|x64
		{33BF33E4-AA31-458D-A5AE-249D577A32F7}.Debug|x64.Build.0 = Debug|x64
		{33BF33E4-AA31-458D-A5AE-249D577A32F7}.Debug|x86.ActiveCfg = Debug|Win32
		{33BF33E4-AA31-458D-A5AE-249D577A32F7}.Debug|x86.Build.0 = Debug|Win32
		{33BF33E4-AA31-458D-A5AE-249D577A32F7}.Release|x64.ActiveCfg = Release|x64
		{33BF33E4-AA31-458D-A5AE-249D577A32F7}.Release|x64.Build.0 = Release|x64
		{33BF33E4-AA31-458D-A5AE-249D577A32F7}.Release|x86.ActiveCfg = Release|Win32
		{33BF33E4-AA31-458D-A5AE-249D577A32F7}.Release|x86.Build.0 = Release|Win32
		{3C89E42D-7637-4C59-B2F9-6C54CD36A231}.Debug|x64.ActiveCfg = Debug|x64
		{3C89E42D-7637-4C59-B2F9-6C54CD36A231}.Debug|x64.Build.0 = Debug|x64
		{3C89E42D-7637-4C59-B2F9-6C54CD36A231}.Debug|x86.ActiveCfg = Debug|Win32
		{3C89E42D-7637-4C59-B2F9-6C54CD36A231}.Debug|x86.Build.0 = Debug|Win32
		{3C89E42D-7637-4C59-B2F9-6C54CD36A231}.Release|x64.ActiveCfg = Release|x64
		{3C89E42D-7637-4C59-B2F9-6C54CD36A231}.Release|x64.Build.0 = Release|x64
		{3C89E42D-7637-4C59-B2F9-6C54CD36A231}.Release|x86.ActiveCfg = Release|Win32
		{3C89E42D-7637-4C59-B2F9-6C54CD36A231}.Release|x86.Build.0 = Release|Win32
		{D6D92627-0BFF-4172-8B3B-0EDF73CA1A83}.Debug|x64.ActiveCfg = Debug|x64
		{D6D92627-0BFF-4172-8B3B-0EDF73CA1A83}.Debug|x64.Build.0 = Debug|x64
		{D6D92627-0BFF-4172-8B3B-0EDF73CA1A83}.Debug|x86.ActiveCfg = Debug|Win32
		{D6D92627-0BFF-4172-8B3B-0EDF73CA1A83}.Debug|x86.Build.0 = Debug|Win32
		{D6D92627-0BFF-4172-8B3B-0EDF73CA1A83}.Release|x64.ActiveCfg = Release|x64
		{D6D92627-0BFF-4172-8B3B-0EDF73CA1A83}.Release|x64.Build.0 = Release|x64
		{D6D92627-0BFF-4172-8B3B-0EDF73CA1A83}.Release|x86.ActiveCfg = Release|Win32
		{D6D92627-0BFF-4172-8B3B-0EDF73CA1A83}.Release|x86.Build.0 = Release|Win32
		{C58B0D75-C42C-4216-B589-7C29F0308645}.Debug|x64.ActiveCfg = Debug|x64
		{C58B0D75-C42C-4216-B589-7C29F0308645}.Debug|x64.Build.0 = Debug|x64
		{C58B0D75-C42C-4216-B589-7C29F0308645}.Debug|x86.ActiveCfg = Debug|Win32
		{C58B0D75-C42C-4216-B589-7C29F0308645}.Debug|x86.Build.0 = Debug|Win32
		{C58B0D75-C42C-4216-B589-7C29F0308645}.Release|x64.ActiveCfg = Release|x64
		{C58B0D75-C42C-4216-B589-7C29F0308645}.Release|x64.Build.0 = Release|x64
		{C58B0D75-C42C-4216-B589-7C29F0308645}.Release|x86.ActiveCfg = Release|Win32
		{C58B0D75-C42C-4216-B589-7C29F0308645}.Release|x86.Build.0 = Release|Win32
		{D016E615-B207-429C-B849-3EAC808BD181}.Debug|x64.ActiveCfg = Debug|x64
		{D016E615-B207-429C-B849-3EAC808BD181}.Debug|x64.Build.0 = Debug|x64
		{D016E615-B207-429C-B849-3EAC808BD181}.Debug|x86.ActiveCfg = Debug|Win32
		{D016E615-B207-429C-B849-3EAC808BD181}.Debug|x86.Build.0 = Debug|Win32
		{D016E615-B207-429C-B849-3EAC808BD181}.Release|x64.ActiveCfg = Release|x64
		{D016E615-B207-429C-B849-3EAC808BD181}.Release|x64.Build.0 = Release|x64
		{D016E615-B207-429C-B849-3EAC808BD181}.Release|x86.ActiveCfg = Release|Win32
		{D016E615-B207-429C-B849-3EAC808BD181}.Release|x86.Build.0 = Release|Win32
		{093321BE-966C-4CFE-8398-494FD9A6A06B}.Debug|x64.ActiveCfg = Debug|x64
		{093321BE-966C-4CFE-8398-494FD9A6A06B}.Debug|x64.Build.0 = Debug|x64
		{093321BE-966C-4CFE-8398-494FD9A6A06B}.Debug|x86.ActiveCfg = Debug|Win32
		{093321BE-966C-4CFE-8398-494FD9A6A06B}.Debug|x86.Build.0 = Debug|Win32
		{093321BE-966C-4CFE-8398-494FD9A6A06B}.Release|x64.ActiveCfg = Release|x64
		{093321BE-966C-4CFE-8398-494FD9A6A06B}.Release|x64.Build.0 = Release|x64
		{093321BE-966C-4CFE-8398-494FD9A6A06B}.Release|x86.ActiveCfg = Release|Win32
		{093321BE-966C-4CFE-8398-494FD9A6A06B}.Release|x86.Build.0 = Release|Win32
		{0621095F-0A2E-4698-B6A6-87F187545A7A}.Debug|x64.ActiveCfg = Debug|x64
		{0621095F-0A2E-4698-B6A6-87F187545A7A}.Debug|x64.Build.0 = Debug|x64
		{0621095F-0A2E-4698-B6A6-87F187545A7A}.Debug|x86.ActiveCfg = Debug|Win32
		{0621095F-0A2E-4698-B6A6-87F187545A7A}.Debug|x86.Build.0 = Debug|Win32
		{0621095F-0A2E-4698-B6A6-87F187545A7A}.Release|x64.ActiveCfg = Release|x64
		{0621095F-0A2E-4698-B6A6-87F187545A7A}.Release|x64.Build.0 = Release|x64
		{0621095F-0A2E-4698-B6A6-87F187545A7A}.Release|x86.ActiveCfg = Release|Win32
		{0621095F-0A2E-4698-B6A6-87F187545A7A}.Release|x86.Build.0 = Release|Win32
		{12A0D7B2-1929-4122-97C8-5A32B85B08E3}.Debug|x64.ActiveCfg = Debug|x64
		{12A0D7B2-1929-4122-97C8-5A32B85B08E3}.Debug|x64.Build.0 = Debug|x64
		{12A0D7B2-1929-4122-97C8-5A32B85B08E3}.Debug|x86.ActiveCfg = Debug|Win32
		{12A0D7B2-1929-4122-97C8-5A32B85B08E3}.Debug|x86.Build.0 = Debug|Win32
		{12A0D7B2-1929-4122-97C8-5A32B85B08E3}.Release|x64.ActiveCfg = Release|x64
		{12A0D7B2-1929-4122-97C8-5A32B85B08E3}.Release|x64.Build.0 = Release|x64
		{12A0D7B2-1929-4122-97C8-5A32B85B08E3}.Release|x86.ActiveCfg = Release|Win32
		{12A0D7B2-1929-4122-97C8-5A32B85B08E3}.Release|x86.Build.0 = Release|Win32
		{F493DFEE-013F-400C-8E3F-114C6C7A5856}.Debug|x64.ActiveCfg = Debug|x64
		{F493DFEE-013F-400C-8E3F-114C6C7A5856}.Debug|x64.Build.0 = Debug|x64
		{F493DFEE-013F-400C-8E3F-114C6C7A5856}.Debug|x86.ActiveCfg = Debug|Win32
		{F493DFEE-013F-400C-8E3F-114C6C7A5856}.Debug|x86.Build.0 = Debug|Win32
		{F493DFEE-013F-400C-8E3F-114C6C7A5856}.Release|x64.ActiveCfg = Release|x64
		{F493DFEE-013F-400C-8E3F-114C6C7A5856}.Release|x64.Build.0 = Release|x64
		{F493DFEE-013F-400C-8E3F-114C6C7A5856}.Release|x86.ActiveCfg = Release|Win32
		{F493DFEE-013F-400C-8E3F-114C6C7A5856}.Release|x86.Build.0 = Release|Win32
		{42DCAFC0-31F2-4D25-BBF0-3FF26FBCBAA9}.Debug|x64.ActiveCfg = Debug|x64
		{42DCAFC0-31F2-4D25-BBF0-3FF26FBCBAA9}.Debug|x64.Build.0 = Debug|x64
		{42DCAFC0-31F2-4D25-BBF0-3FF26FBCBAA9}.Debug|x86.ActiveCfg = Debug|Win32
		{42DCAFC0-31F2-4D25-BBF0-3FF26FBCBAA9}.Debug|x86.Build.0 = Debug|Win32
		{42DCAFC0-31F2-4D25-BBF0-3FF26FBCBAA9}.Release|x64.ActiveCfg = Release|x64
		{42DCAFC0-31F2-4D25-BBF0-3FF26FBCBAA9}.Release|x64.Build.0 = Release|x64
		{42DCAFC0-31F2-4D25-BBF0-3FF26FBCBAA9}.Release|x86.ActiveCfg = Release|Win32
		{42DCAFC0-31F2-4D25-BBF0-3FF26FBCBAA9}.Release|x86.Build.0 = Release|Win32
		{52FDEC39-188B-4564-9040-1301B3D1B372}.Debug|x64.ActiveCfg = Debug|x64
		{52FDEC39-188B-4564-9040-1301B3D1B372}.Debug|x64.Build.0 = Debug|x64
		{52FDEC39-188B-4564-9040-1301B3D1B372}.Debug|x86.ActiveCfg = Debug|Win32
		{52FDEC39-188B-4564-9040-1301B3D1B372}.Debug|x86.Build.0 = Debug|Win32
		{52FDEC39-188B-4564-9040-1301B3D1B372}.Release|x64.ActiveCfg = Release|x64
		{52FDEC39-188B-4564-9040-1301B3D1B372}.Release|x64.Build.0 = Release|x64
		{52FDEC39-188B-4564-9040-1301B3D1B372}.Release|x86.ActiveCfg = Release|Win32
		{52FDEC39-188B-4564-9040-1301B3D1B372}.Release|x86.Build.0 = Release|Win32
		{01EF7B1E-F4CD-4369-9F8C-FB23E493639E}.Debug|x64.ActiveCfg = Debug|x64
		{01EF7B1E-F4CD-4369-9F8C-FB23E493639E}.Debug|x64.Build.0 = Debug|x64
		{01EF7B1E-F4CD-4369-9F8C-FB23E493639E}.Debug|x86.ActiveCfg = Debug|Win32
		{01EF7B1E-F4CD-4369-9F8C-FB23E493639E}.Debug|x86.Build.0 = Debug|Win32
		{01EF7B1E-F4CD-4369-9F8C-FB23E493639E}.Release|x64.ActiveCfg = Release|x64
		{01EF7B1E-F4CD-4369-9F8C-FB23E493639E}.Release|x64.Build.0 = Release|x64
		{01EF7B1E-F4CD-4369-9F8C-FB23E493639E}.Release|x86.ActiveCfg = Release|Win32
		{01EF7B1E-F4CD-4369-9F8C-FB23E493639E}.Release|x86.Build.0 = Release|Win32
		{3BDA46D0-BFEE-4E40-B993-A2739D458FF2}.Debug|x64.ActiveCfg = Debug|x64
		{3BDA46D0-BFEE-4E40-B993-A2739D458FF2}.Debug|x64.Build.0 = Debug|x64
		{3BDA46D0-BFEE-4E40-B993-A2739D458FF2}.Debug|x86.ActiveCfg = Debug|Win32
		{3BDA46D0-BFEE-4E40-B993-A2739D458FF2}.Debug|x86.Build.0 = Debug|Win32
		{3BDA46D0-BFEE-4E40-B993-A2739D458FF2}.Release|x64.ActiveCfg = Release|x64
		{3BDA46D0-BFEE-4E40-B993-A2739D458FF2}.Release|x64.Build.0 = Release|x64
		{3BDA46D0-BFEE-4E40-B993-A2739D458FF2}.Release|x86.ActiveCfg = Release|Win32
		{3BDA46D0-BFEE-4E40-B993-A2739D458FF2}.Release|x86.Build.0 = Release|Win32
		{023B2827-C02F-4F03-9287-756C35B59C57}.Debug|x64.ActiveCfg = Debug|x64
		{023B2827-C02F-4F03-9287-756C35B59C57}.Debug|x64.Build.0 = Debug|x64
		{023B2827-C02F-4F03-9287-756C35B59C57}.Debug|x86.ActiveCfg = Debug|Win32
		{023B2827-C02F-4F03-9287-756C35B59C57}.Debug|x86.Build.0 = Debug|Win32
		{023B2827-C02F-4F03-9287-756C35B59C57}.Release|x64.ActiveCfg = Release|x64
		{023B2827-C02F-4F03-9287-756C35B59C57}.Release|x64.Build.0 = Release|x64
		{023B2827-C02F-4F03-9287-756C35B59C57}.Release|x86.ActiveCfg = Release|Win32
		{023B2827-C02F-4F03-9287-756C35B59C57}.Release|x86.Build.0 = Release|Win32
		{533CF359-7646-480E-B320-73FF5A5C7F61}.Debug|x64.ActiveCfg = Debug|x64
		{533CF359-7646-480E-B320-73FF5A5C7F61}.Debug|x64.Build.0 = Debug|x64
		{533CF359-7646-480E-B320-73FF5A5C7F61}.Debug|x86.ActiveCfg = Debug|Win32
		{533CF359-7646-480E-B320-73FF5A5C7F61}.Debug|x86.Build.0 = Debug|Win32
		{533CF359-7646-480E-B320-73FF5A5C7F61}.Release|x64.ActiveCfg = Release|x64
		{533CF359-7646-480E-B320-73FF5A5C7F61}.Release|x64.Build.0 = Release|x64
		{533CF359-7646-480E-B320-73FF5A5C7F61}.Release|x86.ActiveCfg = Release|Win32
		{533CF359-7646-480E-B320-73FF5A5C7F61}.Release|x86.Build.0 = Release|Win32
		{2C17DC11-4F63-489D-A2BC-09D25F474CEE}.Debug|x64.ActiveCfg = Debug|x64
		{2C17DC11-4F63-489D-A2BC-09D25F474CEE}.Debug|x64.Build.0 = Debug|x64
		{2C17DC11-4F63-489D-A2BC-09D25F474CEE}.Debug|x86.ActiveCfg = Debug|Win32
		{2C17DC11-4F63-489D-A2BC-09D25F474CEE}.Debug|x86.Build.0 = Debug|Win32
		{2C17DC11-4F63-489D-A2BC-09D25F474CEE}.Release|x64.ActiveCfg = Release|x64
		{2C17DC11-4F63-489D-A2BC-09D25F474CEE}.Release|x64.Build.0 = Release|x64
		{2C17DC11-4F63-489D-A2BC-09D25F474CEE}.Release|x86.ActiveCfg = Release|Win32
		{2C17DC11-4F63-489D-A2BC-09D25F474CEE}.Release|x86.Build.0 = Release|Win32
		{AD14D5C8-9CDB-4A96-A86C-47229EBA50F7}.Debug|x64.ActiveCfg = Debug|x64
		{AD14D5C8-9CDB-4A96-A86C-47229EBA50F7}.Debug|x64.Build.0 = Debug|x64
		{AD14D5C8-9CDB-4A96-A86C-47229EBA50F7}.Debug|x86.ActiveCfg = Debug|Win32
		{AD14D5C8-9CDB-4A96-A86C-47229EBA50F7}.Debug|x86.Build.0 = Debug|Win32
		{AD14D5C8-9CDB-4A96-A86C-47229EBA50F7}.Release|x64.ActiveCfg = Release|x64
		{AD14D5C8-9CDB-4A96-A86C-47229EBA50F7}.Release|x64.Build.0 = Release|x64
		{AD14D5C8-9CDB-4A96-A86C-47229EBA50F7}.Release|x86.ActiveCfg = Release|Win32
		{AD14D5C8-9CDB-4A96-A86C-47229EBA50F7}.Release|x86.Build.0 = Release|Win32
		{C7F8DE5C-2E29-4F33-A42B-0FCE1CF4C3F7}.Debug|x64.ActiveCfg = Debug|x64
		{C7F8DE5C-2E29-4F33-A42B-0FCE1CF4C3F7}.Debug|x64.Build.0 = Debug|x64
		{C7F8DE5C-2E29-4F33-A42B-0FCE1CF4C3F7}.Debug|x86.ActiveCfg = Debug|Win32
		{C7F8DE5C-2E29-4F33-A42B-0FCE1CF4C3F7}.Debug|x86.Build.0 = Debug|Win32
		{C7F8DE5C-2E29-4F33-A42B-0FCE1CF4C3F7}.Release|x64.ActiveCfg = Release|x64
		{C7F8DE5C-2E29-4F33-A42B-0FCE1CF4C3F7}.Release|x64.Build.0 = Release|x64
		{C7F8DE5C-2E29-4F33-A42B-0FCE1CF4C3F7}.Release|x86.ActiveCfg = Release|Win32
		{C7F8DE5C-2E29-4F33-A42B-0FCE1CF4C3F7}.Release|x86.Build.0 = Release|Win32
		{EE7C5948-AF6C-4528-930D-5BE46706F193}.Debug|x64.ActiveCfg = Debug|x64
		{EE7C5948-AF6C-4528-930D-5BE46706F193}.Debug|x64.Build.0 = Debug|x64
		{EE7C5948-AF6C-4528-930D-5BE46706F193}.Debug|x86.ActiveCfg = Debug|Win32
		{EE7C5948-AF6C-4528-930D-5BE46706F193}.Debug|x86.Build.0 = Debug|Win32
		{EE7C5948-AF6C-4528-930D-5BE46706F193}.Release|x64.ActiveCfg = Release|x64
		{EE7C5948-AF6C-4528-930D-5BE46706F193}.Release|x64.Build.0 = Release|x64
		{EE7C5948-AF6C-4528-930D-5BE46706F193}.Release|x86.ActiveCfg = Release|Win32
		{EE7C5948-AF6C-4528-930D-5BE46706F193}.Release|x86.Build.0 = Release|Win32
	EndGlobalSection
	GlobalSection(SolutionProperties) = preSolution
		HideSolutionNode = FALSE
	EndGlobalSection
	GlobalSection(ExtensibilityGlobals) = postSolution
		SolutionGuid = {06BB80B4-1B7D-42A5-8AB9-080213D2A267}
	EndGlobalSection
EndGlobal
